
Microsoft Visual Studio Solution File, Format Version 12.00
# Visual Studio Version 17
VisualStudioVersion = 17.10.34928.147
MinimumVisualStudioVersion = 10.0.40219.1
Project("{FAE04EC0-301F-11D3-BF4B-00C04F79EFBC}") = "8_TASK", "8_TASK.csproj", "{BC8BD008-0511-4C27-ADA4-13F3C653B296}"
EndProject
Global
	GlobalSection(SolutionConfigurationPlatforms) = preSolution
		Debug|Any CPU = Debug|Any CPU
		Release|Any CPU = Release|Any CPU
	EndGlobalSection
	GlobalSection(ProjectConfigurationPlatforms) = postSolution
		{BC8BD008-0511-4C27-ADA4-13F3C653B296}.Debug|Any CPU.ActiveCfg = Debug|Any CPU
		{BC8BD008-0511-4C27-ADA4-13F3C653B296}.Debug|Any CPU.Build.0 = Debug|Any CPU
		{BC8BD008-0511-4C27-ADA4-13F3C653B296}.Release|Any CPU.ActiveCfg = Release|Any CPU
		{BC8BD008-0511-4C27-ADA4-13F3C653B296}.Release|Any CPU.Build.0 = Release|Any CPU
	EndGlobalSection
	GlobalSection(SolutionProperties) = preSolution
		HideSolutionNode = FALSE
	EndGlobalSection
	GlobalSection(ExtensibilityGlobals) = postSolution
		SolutionGuid = {0705D536-347D-4F7E-8F56-8FCB52FB60D6}
	EndGlobalSection
EndGlobal
